<Solution>
  <Project Path="RemoteAssistant.Core/RemoteAssistant.Core.csproj" />
  <Project Path="RemoteAssistant.WebApi/RemoteAssistant.WebApi.csproj" />
  <Project Path="BotBackGroundService/BotBackGroundService.csproj" />
  <Project Path="JobBackGroundService/JobBackGroundService.csproj" />
</Solution>
