<Solution>
  <Project Path="RemoteAssistant.Core/RemoteAssistant.Core.csproj" />
  <Project Path="RemoteAssistant.AdminApi/RemoteAssistant.AdminApi.csproj" />
  <Project Path="RemoteAssistant.TelegramConsoleService/RemoteAssistant.TelegramConsoleService.csproj" />
  <Project Path="RemoteAssistant.JobConsoleService/RemoteAssistant.JobConsoleService.csproj" />
</Solution>
